
Microsoft Visual Studio Solution File, Format Version 12.00
# Visual Studio Version 17
VisualStudioVersion = 17.6.33723.286
MinimumVisualStudioVersion = 10.0.40219.1
Project("{FAE04EC0-301F-11D3-BF4B-00C04F79EFBC}") = "PixelCalc", "PixelCalc\PixelCalc.csproj", "{1557F5F4-5CAF-4B5C-87CD-363691231BBB}"
EndProject
Project("{FAE04EC0-301F-11D3-BF4B-00C04F79EFBC}") = "PixelCalcTest", "PixelCalcTest\PixelCalcTest.csproj", "{78D590C4-EC7F-4415-AD84-E9FD20B8826F}"
EndProject
Global
	GlobalSection(SolutionConfigurationPlatforms) = preSolution
		Debug|Any CPU = Debug|Any CPU
		Release|Any CPU = Release|Any CPU
	EndGlobalSection
	GlobalSection(ProjectConfigurationPlatforms) = postSolution
		{1557F5F4-5CAF-4B5C-87CD-363691231BBB}.Debug|Any CPU.ActiveCfg = Debug|Any CPU
		{1557F5F4-5CAF-4B5C-87CD-363691231BBB}.Debug|Any CPU.Build.0 = Debug|Any CPU
		{1557F5F4-5CAF-4B5C-87CD-363691231BBB}.Release|Any CPU.ActiveCfg = Release|Any CPU
		{1557F5F4-5CAF-4B5C-87CD-363691231BBB}.Release|Any CPU.Build.0 = Release|Any CPU
		{78D590C4-EC7F-4415-AD84-E9FD20B8826F}.Debug|Any CPU.ActiveCfg = Debug|Any CPU
		{78D590C4-EC7F-4415-AD84-E9FD20B8826F}.Debug|Any CPU.Build.0 = Debug|Any CPU
		{78D590C4-EC7F-4415-AD84-E9FD20B8826F}.Release|Any CPU.ActiveCfg = Release|Any CPU
		{78D590C4-EC7F-4415-AD84-E9FD20B8826F}.Release|Any CPU.Build.0 = Release|Any CPU
	EndGlobalSection
	GlobalSection(SolutionProperties) = preSolution
		HideSolutionNode = FALSE
	EndGlobalSection
	GlobalSection(ExtensibilityGlobals) = postSolution
		SolutionGuid = {05397BB6-C9B8-4522-A1D7-E506E86F3A64}
	EndGlobalSection
EndGlobal
